
Microsoft Visual Studio Solution File, Format Version 12.00
# Visual Studio Version 16
VisualStudioVersion = 25.0.1705.5
MinimumVisualStudioVersion = 10.0.40219.1
Project("{FAE04EC0-301F-11D3-BF4B-00C04F79EFBC}") = "MathOperationLibrary", "MathOperationLibrary\MathOperationLibrary.csproj", "{A24CFCCC-3130-451B-8D74-96A1D40B45D3}"
EndProject
Project("{FAE04EC0-301F-11D3-BF4B-00C04F79EFBC}") = "MathOperationLibrary.Tests", "MathOperationLibrary.Tests\MathOperationLibrary.Tests.csproj", "{9AA2DD25-7163-4924-BC6C-D69DFF940AC4}"
EndProject
Global
	GlobalSection(SolutionConfigurationPlatforms) = preSolution
		Debug|Any CPU = Debug|Any CPU
		Release|Any CPU = Release|Any CPU
	EndGlobalSection
	GlobalSection(ProjectConfigurationPlatforms) = postSolution
		{A24CFCCC-3130-451B-8D74-96A1D40B45D3}.Debug|Any CPU.ActiveCfg = Debug|Any CPU
		{A24CFCCC-3130-451B-8D74-96A1D40B45D3}.Debug|Any CPU.Build.0 = Debug|Any CPU
		{A24CFCCC-3130-451B-8D74-96A1D40B45D3}.Release|Any CPU.ActiveCfg = Release|Any CPU
		{A24CFCCC-3130-451B-8D74-96A1D40B45D3}.Release|Any CPU.Build.0 = Release|Any CPU
		{9AA2DD25-7163-4924-BC6C-D69DFF940AC4}.Debug|Any CPU.ActiveCfg = Debug|Any CPU
		{9AA2DD25-7163-4924-BC6C-D69DFF940AC4}.Debug|Any CPU.Build.0 = Debug|Any CPU
		{9AA2DD25-7163-4924-BC6C-D69DFF940AC4}.Release|Any CPU.ActiveCfg = Release|Any CPU
		{9AA2DD25-7163-4924-BC6C-D69DFF940AC4}.Release|Any CPU.Build.0 = Release|Any CPU
	EndGlobalSection
	GlobalSection(SolutionProperties) = preSolution
		HideSolutionNode = FALSE
	EndGlobalSection
	GlobalSection(ExtensibilityGlobals) = postSolution
		SolutionGuid = {F921E1DC-6015-45A4-8131-66A0B77D2899}
	EndGlobalSection
EndGlobal
