
Microsoft Visual Studio Solution File, Format Version 12.00
# Visual Studio Version 16
VisualStudioVersion = 25.0.1705.4
MinimumVisualStudioVersion = 10.0.40219.1
Project("{FAE04EC0-301F-11D3-BF4B-00C04F79EFBC}") = "ProjImprovedGuestBook", "ProjImprovedGuestBook\ProjImprovedGuestBook.csproj", "{2484380B-0F72-4164-9A07-6D2129F74D55}"
EndProject
Project("{FAE04EC0-301F-11D3-BF4B-00C04F79EFBC}") = "GuestBookLibrary", "GuestBookLibrary\GuestBookLibrary.csproj", "{04AE65A7-1E7C-475B-BCA5-E2DB13744550}"
EndProject
Global
	GlobalSection(SolutionConfigurationPlatforms) = preSolution
		Debug|Any CPU = Debug|Any CPU
		Release|Any CPU = Release|Any CPU
	EndGlobalSection
	GlobalSection(ProjectConfigurationPlatforms) = postSolution
		{2484380B-0F72-4164-9A07-6D2129F74D55}.Debug|Any CPU.ActiveCfg = Debug|Any CPU
		{2484380B-0F72-4164-9A07-6D2129F74D55}.Debug|Any CPU.Build.0 = Debug|Any CPU
		{2484380B-0F72-4164-9A07-6D2129F74D55}.Release|Any CPU.ActiveCfg = Release|Any CPU
		{2484380B-0F72-4164-9A07-6D2129F74D55}.Release|Any CPU.Build.0 = Release|Any CPU
		{04AE65A7-1E7C-475B-BCA5-E2DB13744550}.Debug|Any CPU.ActiveCfg = Debug|Any CPU
		{04AE65A7-1E7C-475B-BCA5-E2DB13744550}.Debug|Any CPU.Build.0 = Debug|Any CPU
		{04AE65A7-1E7C-475B-BCA5-E2DB13744550}.Release|Any CPU.ActiveCfg = Release|Any CPU
		{04AE65A7-1E7C-475B-BCA5-E2DB13744550}.Release|Any CPU.Build.0 = Release|Any CPU
	EndGlobalSection
	GlobalSection(SolutionProperties) = preSolution
		HideSolutionNode = FALSE
	EndGlobalSection
	GlobalSection(ExtensibilityGlobals) = postSolution
		SolutionGuid = {F5586569-984D-497A-B594-742EFA22FEA7}
	EndGlobalSection
EndGlobal
