
Microsoft Visual Studio Solution File, Format Version 12.00
# Visual Studio Version 16
VisualStudioVersion = 25.0.1705.1
MinimumVisualStudioVersion = 10.0.40219.1
Project("{FAE04EC0-301F-11D3-BF4B-00C04F79EFBC}") = "HWUsingBreakpoints", "HWUsingBreakpoints\HWUsingBreakpoints.csproj", "{ACEBB37B-1206-4D9D-9BEE-F6BF5473E762}"
EndProject
Global
	GlobalSection(SolutionConfigurationPlatforms) = preSolution
		Debug|Any CPU = Debug|Any CPU
		Release|Any CPU = Release|Any CPU
	EndGlobalSection
	GlobalSection(ProjectConfigurationPlatforms) = postSolution
		{ACEBB37B-1206-4D9D-9BEE-F6BF5473E762}.Debug|Any CPU.ActiveCfg = Debug|Any CPU
		{ACEBB37B-1206-4D9D-9BEE-F6BF5473E762}.Debug|Any CPU.Build.0 = Debug|Any CPU
		{ACEBB37B-1206-4D9D-9BEE-F6BF5473E762}.Release|Any CPU.ActiveCfg = Release|Any CPU
		{ACEBB37B-1206-4D9D-9BEE-F6BF5473E762}.Release|Any CPU.Build.0 = Release|Any CPU
	EndGlobalSection
	GlobalSection(SolutionProperties) = preSolution
		HideSolutionNode = FALSE
	EndGlobalSection
	GlobalSection(ExtensibilityGlobals) = postSolution
		SolutionGuid = {EE3AE97F-8BCE-4ACF-AD2F-A43F04268C17}
	EndGlobalSection
EndGlobal
