
Microsoft Visual Studio Solution File, Format Version 12.00
# Visual Studio Version 16
VisualStudioVersion = 25.0.1705.1
MinimumVisualStudioVersion = 10.0.40219.1
Project("{FAE04EC0-301F-11D3-BF4B-00C04F79EFBC}") = "Methods", "Methods\Methods.csproj", "{3D6B9DE9-6102-4811-87D3-CBBF761ECC76}"
EndProject
Global
	GlobalSection(SolutionConfigurationPlatforms) = preSolution
		Debug|Any CPU = Debug|Any CPU
		Release|Any CPU = Release|Any CPU
	EndGlobalSection
	GlobalSection(ProjectConfigurationPlatforms) = postSolution
		{3D6B9DE9-6102-4811-87D3-CBBF761ECC76}.Debug|Any CPU.ActiveCfg = Debug|Any CPU
		{3D6B9DE9-6102-4811-87D3-CBBF761ECC76}.Debug|Any CPU.Build.0 = Debug|Any CPU
		{3D6B9DE9-6102-4811-87D3-CBBF761ECC76}.Release|Any CPU.ActiveCfg = Release|Any CPU
		{3D6B9DE9-6102-4811-87D3-CBBF761ECC76}.Release|Any CPU.Build.0 = Release|Any CPU
	EndGlobalSection
	GlobalSection(SolutionProperties) = preSolution
		HideSolutionNode = FALSE
	EndGlobalSection
	GlobalSection(ExtensibilityGlobals) = postSolution
		SolutionGuid = {4433AA78-6CEF-4162-BA5C-BE8FAF1F114B}
	EndGlobalSection
EndGlobal
