
Microsoft Visual Studio Solution File, Format Version 12.00
# Visual Studio Version 16
VisualStudioVersion = 25.0.1705.1
MinimumVisualStudioVersion = 10.0.40219.1
Project("{FAE04EC0-301F-11D3-BF4B-00C04F79EFBC}") = "GuestBookDemo", "GuestBookDemo\GuestBookDemo.csproj", "{E2B99671-A686-4EFE-8067-AE344FF981EC}"
EndProject
Global
	GlobalSection(SolutionConfigurationPlatforms) = preSolution
		Debug|Any CPU = Debug|Any CPU
		Release|Any CPU = Release|Any CPU
	EndGlobalSection
	GlobalSection(ProjectConfigurationPlatforms) = postSolution
		{E2B99671-A686-4EFE-8067-AE344FF981EC}.Debug|Any CPU.ActiveCfg = Debug|Any CPU
		{E2B99671-A686-4EFE-8067-AE344FF981EC}.Debug|Any CPU.Build.0 = Debug|Any CPU
		{E2B99671-A686-4EFE-8067-AE344FF981EC}.Release|Any CPU.ActiveCfg = Release|Any CPU
		{E2B99671-A686-4EFE-8067-AE344FF981EC}.Release|Any CPU.Build.0 = Release|Any CPU
	EndGlobalSection
	GlobalSection(SolutionProperties) = preSolution
		HideSolutionNode = FALSE
	EndGlobalSection
	GlobalSection(ExtensibilityGlobals) = postSolution
		SolutionGuid = {DCD50836-3617-4E8F-8257-C2F0B3BE90A8}
	EndGlobalSection
EndGlobal
