
Microsoft Visual Studio Solution File, Format Version 12.00
# Visual Studio Version 16
VisualStudioVersion = 25.0.1705.1
MinimumVisualStudioVersion = 10.0.40219.1
Project("{FAE04EC0-301F-11D3-BF4B-00C04F79EFBC}") = "HWMethods", "HWMethods\HWMethods.csproj", "{42B7F347-86C9-4133-B0A1-6F116D7FF635}"
EndProject
Global
	GlobalSection(SolutionConfigurationPlatforms) = preSolution
		Debug|Any CPU = Debug|Any CPU
		Release|Any CPU = Release|Any CPU
	EndGlobalSection
	GlobalSection(ProjectConfigurationPlatforms) = postSolution
		{42B7F347-86C9-4133-B0A1-6F116D7FF635}.Debug|Any CPU.ActiveCfg = Debug|Any CPU
		{42B7F347-86C9-4133-B0A1-6F116D7FF635}.Debug|Any CPU.Build.0 = Debug|Any CPU
		{42B7F347-86C9-4133-B0A1-6F116D7FF635}.Release|Any CPU.ActiveCfg = Release|Any CPU
		{42B7F347-86C9-4133-B0A1-6F116D7FF635}.Release|Any CPU.Build.0 = Release|Any CPU
	EndGlobalSection
	GlobalSection(SolutionProperties) = preSolution
		HideSolutionNode = FALSE
	EndGlobalSection
	GlobalSection(ExtensibilityGlobals) = postSolution
		SolutionGuid = {558A8178-4D4F-44FD-80A2-ABB3BB220900}
	EndGlobalSection
EndGlobal
