
Microsoft Visual Studio Solution File, Format Version 12.00
# Visual Studio Version 16
VisualStudioVersion = 25.0.1705.1
MinimumVisualStudioVersion = 10.0.40219.1
Project("{FAE04EC0-301F-11D3-BF4B-00C04F79EFBC}") = "ForLoops", "ForLoops\ForLoops.csproj", "{496AD549-963A-4ED5-AAEB-C2587D1DCAF4}"
EndProject
Global
	GlobalSection(SolutionConfigurationPlatforms) = preSolution
		Debug|Any CPU = Debug|Any CPU
		Release|Any CPU = Release|Any CPU
	EndGlobalSection
	GlobalSection(ProjectConfigurationPlatforms) = postSolution
		{496AD549-963A-4ED5-AAEB-C2587D1DCAF4}.Debug|Any CPU.ActiveCfg = Debug|Any CPU
		{496AD549-963A-4ED5-AAEB-C2587D1DCAF4}.Debug|Any CPU.Build.0 = Debug|Any CPU
		{496AD549-963A-4ED5-AAEB-C2587D1DCAF4}.Release|Any CPU.ActiveCfg = Release|Any CPU
		{496AD549-963A-4ED5-AAEB-C2587D1DCAF4}.Release|Any CPU.Build.0 = Release|Any CPU
	EndGlobalSection
	GlobalSection(SolutionProperties) = preSolution
		HideSolutionNode = FALSE
	EndGlobalSection
	GlobalSection(ExtensibilityGlobals) = postSolution
		SolutionGuid = {7165FF4D-EA74-4853-9E86-CB1F80CD7A8A}
	EndGlobalSection
EndGlobal
