
Microsoft Visual Studio Solution File, Format Version 12.00
# Visual Studio Version 16
VisualStudioVersion = 25.0.1705.1
MinimumVisualStudioVersion = 10.0.40219.1
Project("{FAE04EC0-301F-11D3-BF4B-00C04F79EFBC}") = "HWTypeConversions", "HWTypeConversions\HWTypeConversions.csproj", "{7BB269C1-D58F-422D-986A-974C4AC41BF4}"
EndProject
Global
	GlobalSection(SolutionConfigurationPlatforms) = preSolution
		Debug|Any CPU = Debug|Any CPU
		Release|Any CPU = Release|Any CPU
	EndGlobalSection
	GlobalSection(ProjectConfigurationPlatforms) = postSolution
		{7BB269C1-D58F-422D-986A-974C4AC41BF4}.Debug|Any CPU.ActiveCfg = Debug|Any CPU
		{7BB269C1-D58F-422D-986A-974C4AC41BF4}.Debug|Any CPU.Build.0 = Debug|Any CPU
		{7BB269C1-D58F-422D-986A-974C4AC41BF4}.Release|Any CPU.ActiveCfg = Release|Any CPU
		{7BB269C1-D58F-422D-986A-974C4AC41BF4}.Release|Any CPU.Build.0 = Release|Any CPU
	EndGlobalSection
	GlobalSection(SolutionProperties) = preSolution
		HideSolutionNode = FALSE
	EndGlobalSection
	GlobalSection(ExtensibilityGlobals) = postSolution
		SolutionGuid = {BB1D631C-D767-462D-AAC4-7DDD2E77DA09}
	EndGlobalSection
EndGlobal
