
Microsoft Visual Studio Solution File, Format Version 12.00
# Visual Studio Version 16
VisualStudioVersion = 25.0.1705.4
MinimumVisualStudioVersion = 10.0.40219.1
Project("{FAE04EC0-301F-11D3-BF4B-00C04F79EFBC}") = "AccessModifiersDemo", "AccessModifiersDemo\AccessModifiersDemo.csproj", "{15CF638D-634F-4F03-B736-08D6E39448CA}"
EndProject
Project("{FAE04EC0-301F-11D3-BF4B-00C04F79EFBC}") = "DemoLibrary", "DemoLibrary\DemoLibrary.csproj", "{63B17A98-0B44-40DF-B173-ECA21336448A}"
EndProject
Global
	GlobalSection(SolutionConfigurationPlatforms) = preSolution
		Debug|Any CPU = Debug|Any CPU
		Release|Any CPU = Release|Any CPU
	EndGlobalSection
	GlobalSection(ProjectConfigurationPlatforms) = postSolution
		{15CF638D-634F-4F03-B736-08D6E39448CA}.Debug|Any CPU.ActiveCfg = Debug|Any CPU
		{15CF638D-634F-4F03-B736-08D6E39448CA}.Debug|Any CPU.Build.0 = Debug|Any CPU
		{15CF638D-634F-4F03-B736-08D6E39448CA}.Release|Any CPU.ActiveCfg = Release|Any CPU
		{15CF638D-634F-4F03-B736-08D6E39448CA}.Release|Any CPU.Build.0 = Release|Any CPU
		{63B17A98-0B44-40DF-B173-ECA21336448A}.Debug|Any CPU.ActiveCfg = Debug|Any CPU
		{63B17A98-0B44-40DF-B173-ECA21336448A}.Debug|Any CPU.Build.0 = Debug|Any CPU
		{63B17A98-0B44-40DF-B173-ECA21336448A}.Release|Any CPU.ActiveCfg = Release|Any CPU
		{63B17A98-0B44-40DF-B173-ECA21336448A}.Release|Any CPU.Build.0 = Release|Any CPU
	EndGlobalSection
	GlobalSection(SolutionProperties) = preSolution
		HideSolutionNode = FALSE
	EndGlobalSection
	GlobalSection(ExtensibilityGlobals) = postSolution
		SolutionGuid = {3C1CE5B3-8A64-4E83-A117-C97A6A6AA211}
	EndGlobalSection
EndGlobal
