
Microsoft Visual Studio Solution File, Format Version 12.00
# Visual Studio Version 16
VisualStudioVersion = 25.0.1705.4
MinimumVisualStudioVersion = 10.0.40219.1
Project("{FAE04EC0-301F-11D3-BF4B-00C04F79EFBC}") = "HWAdvancedBreakPoints", "HWAdvancedBreakPoints\HWAdvancedBreakPoints.csproj", "{7526BE26-597F-452F-88A5-A89CDE45EF27}"
EndProject
Global
	GlobalSection(SolutionConfigurationPlatforms) = preSolution
		Debug|Any CPU = Debug|Any CPU
		Release|Any CPU = Release|Any CPU
	EndGlobalSection
	GlobalSection(ProjectConfigurationPlatforms) = postSolution
		{7526BE26-597F-452F-88A5-A89CDE45EF27}.Debug|Any CPU.ActiveCfg = Debug|Any CPU
		{7526BE26-597F-452F-88A5-A89CDE45EF27}.Debug|Any CPU.Build.0 = Debug|Any CPU
		{7526BE26-597F-452F-88A5-A89CDE45EF27}.Release|Any CPU.ActiveCfg = Release|Any CPU
		{7526BE26-597F-452F-88A5-A89CDE45EF27}.Release|Any CPU.Build.0 = Release|Any CPU
	EndGlobalSection
	GlobalSection(SolutionProperties) = preSolution
		HideSolutionNode = FALSE
	EndGlobalSection
	GlobalSection(ExtensibilityGlobals) = postSolution
		SolutionGuid = {B5EE49D6-3693-4F2C-9FA0-DD2ACBBE9923}
	EndGlobalSection
EndGlobal
