
Microsoft Visual Studio Solution File, Format Version 12.00
# Visual Studio Version 16
VisualStudioVersion = 25.0.1705.5
MinimumVisualStudioVersion = 10.0.40219.1
Project("{FAE04EC0-301F-11D3-BF4B-00C04F79EFBC}") = "CalculationLibrary", "CalculationLibrary\CalculationLibrary.csproj", "{EAE6F948-D708-4198-B03B-2DCBEE77AA2B}"
EndProject
Project("{FAE04EC0-301F-11D3-BF4B-00C04F79EFBC}") = "CalculationLibrary.Tests", "CalculationLibrary.Tests\CalculationLibrary.Tests.csproj", "{CA1FFA6A-A474-4685-8B56-59BD65E58142}"
EndProject
Global
	GlobalSection(SolutionConfigurationPlatforms) = preSolution
		Debug|Any CPU = Debug|Any CPU
		Release|Any CPU = Release|Any CPU
	EndGlobalSection
	GlobalSection(ProjectConfigurationPlatforms) = postSolution
		{EAE6F948-D708-4198-B03B-2DCBEE77AA2B}.Debug|Any CPU.ActiveCfg = Debug|Any CPU
		{EAE6F948-D708-4198-B03B-2DCBEE77AA2B}.Debug|Any CPU.Build.0 = Debug|Any CPU
		{EAE6F948-D708-4198-B03B-2DCBEE77AA2B}.Release|Any CPU.ActiveCfg = Release|Any CPU
		{EAE6F948-D708-4198-B03B-2DCBEE77AA2B}.Release|Any CPU.Build.0 = Release|Any CPU
		{CA1FFA6A-A474-4685-8B56-59BD65E58142}.Debug|Any CPU.ActiveCfg = Debug|Any CPU
		{CA1FFA6A-A474-4685-8B56-59BD65E58142}.Debug|Any CPU.Build.0 = Debug|Any CPU
		{CA1FFA6A-A474-4685-8B56-59BD65E58142}.Release|Any CPU.ActiveCfg = Release|Any CPU
		{CA1FFA6A-A474-4685-8B56-59BD65E58142}.Release|Any CPU.Build.0 = Release|Any CPU
	EndGlobalSection
	GlobalSection(SolutionProperties) = preSolution
		HideSolutionNode = FALSE
	EndGlobalSection
	GlobalSection(ExtensibilityGlobals) = postSolution
		SolutionGuid = {D72B1B0B-A472-4856-B9CD-28314E89464F}
	EndGlobalSection
EndGlobal
